
Microsoft Visual Studio Solution File, Format Version 12.00
# Visual Studio Version 16
VisualStudioVersion = 16.0.30907.101
MinimumVisualStudioVersion = 10.0.40219.1
Project("{9A19103F-16F7-4668-BE54-9A1E7A4F7556}") = "LowWaterMarkChannel", "LowWaterMarkChannel\LowWaterMarkChannel.csproj", "{28770B58-04EA-40C5-82EF-B2B2AD5E1853}"
EndProject
Project("{2150E333-8FDC-42A3-9474-1A3956D46DE8}") = "Solution Items", "Solution Items", "{69AAC988-C76C-4B96-B190-B377259DB4BF}"
	ProjectSection(SolutionItems) = preProject
		.gitattributes = .gitattributes
		.gitignore = .gitignore
		README.md = README.md
	EndProjectSection
EndProject
Global
	GlobalSection(SolutionConfigurationPlatforms) = preSolution
		Debug|Any CPU = Debug|Any CPU
		Release|Any CPU = Release|Any CPU
	EndGlobalSection
	GlobalSection(ProjectConfigurationPlatforms) = postSolution
		{28770B58-04EA-40C5-82EF-B2B2AD5E1853}.Debug|Any CPU.ActiveCfg = Debug|Any CPU
		{28770B58-04EA-40C5-82EF-B2B2AD5E1853}.Debug|Any CPU.Build.0 = Debug|Any CPU
		{28770B58-04EA-40C5-82EF-B2B2AD5E1853}.Release|Any CPU.ActiveCfg = Release|Any CPU
		{28770B58-04EA-40C5-82EF-B2B2AD5E1853}.Release|Any CPU.Build.0 = Release|Any CPU
	EndGlobalSection
	GlobalSection(SolutionProperties) = preSolution
		HideSolutionNode = FALSE
	EndGlobalSection
	GlobalSection(ExtensibilityGlobals) = postSolution
		SolutionGuid = {8856C266-20C8-4B69-B492-60FC4022E998}
	EndGlobalSection
EndGlobal
